<Solution>
  <Folder Name="/src/">
    <Project Path="src/ProjectTemplate.Domain/ProjectTemplate.Domain.csproj" />
    <Project Path="src/ProjectTemplate.Application/ProjectTemplate.Application.csproj" />
    <Project Path="src/ProjectTemplate.Infrastructure/ProjectTemplate.Infrastructure.csproj" />
    <Project Path="src/ProjectTemplate.Bootstrap/ProjectTemplate.Bootstrap.csproj" />
    <Project Path="src/ProjectTemplate.Desktop/ProjectTemplate.Desktop.csproj" />
    <Project Path="src/ProjectTemplate.Cli/ProjectTemplate.Cli.csproj" />
  </Folder>
  <Folder Name="/tests/">
    <Project Path="tests/ProjectTemplate.Domain.Tests/ProjectTemplate.Domain.Tests.csproj" />
    <Project Path="tests/ProjectTemplate.Application.Tests/ProjectTemplate.Application.Tests.csproj" />
    <Project Path="tests/ProjectTemplate.Architecture.Tests/ProjectTemplate.Architecture.Tests.csproj" />
    <Project Path="tests/ProjectTemplate.Golden.Tests/ProjectTemplate.Golden.Tests.csproj" />
    <Project Path="tests/ProjectTemplate.Ui.Tests/ProjectTemplate.Ui.Tests.csproj" />
  </Folder>
  <Folder Name="/Solution Items/">
    <File Path="AGENTS.md" />
    <File Path="Directory.Build.props" />
    <File Path="Directory.Build.targets" />
    <File Path="Directory.Packages.props" />
    <File Path="global.json" />
    <File Path="VERSION" />
  </Folder>
</Solution>
